
Microsoft Visual Studio Solution File, Format Version 12.00
# Visual Studio 15
VisualStudioVersion = 15.0.27130.0
MinimumVisualStudioVersion = 10.0.40219.1
Project("{FAE04EC0-301F-11D3-BF4B-00C04F79EFBC}") = "ShopOnline.Common", "ShopOnline.Common\ShopOnline.Common.csproj", "{A56FE5AE-1690-4CEC-8A12-2D11999B4B5C}"
EndProject
Project("{FAE04EC0-301F-11D3-BF4B-00C04F79EFBC}") = "ShopOnline.Model", "ShopOnline.Model\ShopOnline.Model.csproj", "{DD936873-1D70-4679-AC84-336028B01580}"
EndProject
Project("{FAE04EC0-301F-11D3-BF4B-00C04F79EFBC}") = "ShopOnline.Data", "ShopOnline.Data\ShopOnline.Data.csproj", "{26DB5383-2CDC-4255-ADC6-9FA304748C20}"
EndProject
Project("{FAE04EC0-301F-11D3-BF4B-00C04F79EFBC}") = "ShopOnline.Service", "ShopOnline.Service\ShopOnline.Service.csproj", "{A8513911-86A2-47A9-BA1B-F1A8CAA389F3}"
EndProject
Project("{FAE04EC0-301F-11D3-BF4B-00C04F79EFBC}") = "ShopOnline.UnitTest", "ShopOnline.UnitTest\ShopOnline.UnitTest.csproj", "{0570011B-902F-400C-884B-FF6439D165D2}"
EndProject
Project("{FAE04EC0-301F-11D3-BF4B-00C04F79EFBC}") = "ShopOnline.Web", "ShopOnline.Web\ShopOnline.Web.csproj", "{7BE02A97-F578-4A2F-970C-77922A732FAA}"
EndProject
Global
	GlobalSection(SolutionConfigurationPlatforms) = preSolution
		Debug|Any CPU = Debug|Any CPU
		Release|Any CPU = Release|Any CPU
	EndGlobalSection
	GlobalSection(ProjectConfigurationPlatforms) = postSolution
		{A56FE5AE-1690-4CEC-8A12-2D11999B4B5C}.Debug|Any CPU.ActiveCfg = Debug|Any CPU
		{A56FE5AE-1690-4CEC-8A12-2D11999B4B5C}.Debug|Any CPU.Build.0 = Debug|Any CPU
		{A56FE5AE-1690-4CEC-8A12-2D11999B4B5C}.Release|Any CPU.ActiveCfg = Release|Any CPU
		{A56FE5AE-1690-4CEC-8A12-2D11999B4B5C}.Release|Any CPU.Build.0 = Release|Any CPU
		{DD936873-1D70-4679-AC84-336028B01580}.Debug|Any CPU.ActiveCfg = Debug|Any CPU
		{DD936873-1D70-4679-AC84-336028B01580}.Debug|Any CPU.Build.0 = Debug|Any CPU
		{DD936873-1D70-4679-AC84-336028B01580}.Release|Any CPU.ActiveCfg = Release|Any CPU
		{DD936873-1D70-4679-AC84-336028B01580}.Release|Any CPU.Build.0 = Release|Any CPU
		{26DB5383-2CDC-4255-ADC6-9FA304748C20}.Debug|Any CPU.ActiveCfg = Debug|Any CPU
		{26DB5383-2CDC-4255-ADC6-9FA304748C20}.Debug|Any CPU.Build.0 = Debug|Any CPU
		{26DB5383-2CDC-4255-ADC6-9FA304748C20}.Release|Any CPU.ActiveCfg = Release|Any CPU
		{26DB5383-2CDC-4255-ADC6-9FA304748C20}.Release|Any CPU.Build.0 = Release|Any CPU
		{A8513911-86A2-47A9-BA1B-F1A8CAA389F3}.Debug|Any CPU.ActiveCfg = Debug|Any CPU
		{A8513911-86A2-47A9-BA1B-F1A8CAA389F3}.Debug|Any CPU.Build.0 = Debug|Any CPU
		{A8513911-86A2-47A9-BA1B-F1A8CAA389F3}.Release|Any CPU.ActiveCfg = Release|Any CPU
		{A8513911-86A2-47A9-BA1B-F1A8CAA389F3}.Release|Any CPU.Build.0 = Release|Any CPU
		{0570011B-902F-400C-884B-FF6439D165D2}.Debug|Any CPU.ActiveCfg = Debug|Any CPU
		{0570011B-902F-400C-884B-FF6439D165D2}.Debug|Any CPU.Build.0 = Debug|Any CPU
		{0570011B-902F-400C-884B-FF6439D165D2}.Release|Any CPU.ActiveCfg = Release|Any CPU
		{0570011B-902F-400C-884B-FF6439D165D2}.Release|Any CPU.Build.0 = Release|Any CPU
		{7BE02A97-F578-4A2F-970C-77922A732FAA}.Debug|Any CPU.ActiveCfg = Debug|Any CPU
		{7BE02A97-F578-4A2F-970C-77922A732FAA}.Debug|Any CPU.Build.0 = Debug|Any CPU
		{7BE02A97-F578-4A2F-970C-77922A732FAA}.Release|Any CPU.ActiveCfg = Release|Any CPU
		{7BE02A97-F578-4A2F-970C-77922A732FAA}.Release|Any CPU.Build.0 = Release|Any CPU
	EndGlobalSection
	GlobalSection(SolutionProperties) = preSolution
		HideSolutionNode = FALSE
	EndGlobalSection
	GlobalSection(ExtensibilityGlobals) = postSolution
		SolutionGuid = {E1EA5027-DFD2-424C-A77D-21900404BC11}
	EndGlobalSection
EndGlobal
